
Microsoft Visual Studio Solution File, Format Version 12.00
# Visual Studio Version 16
VisualStudioVersion = 16.0.30406.217
MinimumVisualStudioVersion = 15.0.26124.0
Project("{9A19103F-16F7-4668-BE54-9A1E7A4F7556}") = "SportsStore", "SportsStore\SportsStore.csproj", "{09C2ACD0-0A67-4766-AAC0-29956E53CA01}"
EndProject
Project("{9A19103F-16F7-4668-BE54-9A1E7A4F7556}") = "SportsStore.Tests", "SportsStore.Tests\SportsStore.Tests.csproj", "{3586528D-50D8-4E19-8A3A-45B3E2CA9519}"
EndProject
Global
	GlobalSection(SolutionConfigurationPlatforms) = preSolution
		Debug|Any CPU = Debug|Any CPU
		Debug|x64 = Debug|x64
		Debug|x86 = Debug|x86
		Release|Any CPU = Release|Any CPU
		Release|x64 = Release|x64
		Release|x86 = Release|x86
	EndGlobalSection
	GlobalSection(ProjectConfigurationPlatforms) = postSolution
		{09C2ACD0-0A67-4766-AAC0-29956E53CA01}.Debug|Any CPU.ActiveCfg = Debug|Any CPU
		{09C2ACD0-0A67-4766-AAC0-29956E53CA01}.Debug|Any CPU.Build.0 = Debug|Any CPU
		{09C2ACD0-0A67-4766-AAC0-29956E53CA01}.Debug|x64.ActiveCfg = Debug|Any CPU
		{09C2ACD0-0A67-4766-AAC0-29956E53CA01}.Debug|x64.Build.0 = Debug|Any CPU
		{09C2ACD0-0A67-4766-AAC0-29956E53CA01}.Debug|x86.ActiveCfg = Debug|Any CPU
		{09C2ACD0-0A67-4766-AAC0-29956E53CA01}.Debug|x86.Build.0 = Debug|Any CPU
		{09C2ACD0-0A67-4766-AAC0-29956E53CA01}.Release|Any CPU.ActiveCfg = Release|Any CPU
		{09C2ACD0-0A67-4766-AAC0-29956E53CA01}.Release|Any CPU.Build.0 = Release|Any CPU
		{09C2ACD0-0A67-4766-AAC0-29956E53CA01}.Release|x64.ActiveCfg = Release|Any CPU
		{09C2ACD0-0A67-4766-AAC0-29956E53CA01}.Release|x64.Build.0 = Release|Any CPU
		{09C2ACD0-0A67-4766-AAC0-29956E53CA01}.Release|x86.ActiveCfg = Release|Any CPU
		{09C2ACD0-0A67-4766-AAC0-29956E53CA01}.Release|x86.Build.0 = Release|Any CPU
		{3586528D-50D8-4E19-8A3A-45B3E2CA9519}.Debug|Any CPU.ActiveCfg = Debug|Any CPU
		{3586528D-50D8-4E19-8A3A-45B3E2CA9519}.Debug|Any CPU.Build.0 = Debug|Any CPU
		{3586528D-50D8-4E19-8A3A-45B3E2CA9519}.Debug|x64.ActiveCfg = Debug|Any CPU
		{3586528D-50D8-4E19-8A3A-45B3E2CA9519}.Debug|x64.Build.0 = Debug|Any CPU
		{3586528D-50D8-4E19-8A3A-45B3E2CA9519}.Debug|x86.ActiveCfg = Debug|Any CPU
		{3586528D-50D8-4E19-8A3A-45B3E2CA9519}.Debug|x86.Build.0 = Debug|Any CPU
		{3586528D-50D8-4E19-8A3A-45B3E2CA9519}.Release|Any CPU.ActiveCfg = Release|Any CPU
		{3586528D-50D8-4E19-8A3A-45B3E2CA9519}.Release|Any CPU.Build.0 = Release|Any CPU
		{3586528D-50D8-4E19-8A3A-45B3E2CA9519}.Release|x64.ActiveCfg = Release|Any CPU
		{3586528D-50D8-4E19-8A3A-45B3E2CA9519}.Release|x64.Build.0 = Release|Any CPU
		{3586528D-50D8-4E19-8A3A-45B3E2CA9519}.Release|x86.ActiveCfg = Release|Any CPU
		{3586528D-50D8-4E19-8A3A-45B3E2CA9519}.Release|x86.Build.0 = Release|Any CPU
	EndGlobalSection
	GlobalSection(SolutionProperties) = preSolution
		HideSolutionNode = FALSE
	EndGlobalSection
	GlobalSection(ExtensibilityGlobals) = postSolution
		SolutionGuid = {9468C899-155B-4274-BB7A-11DE3BD52220}
	EndGlobalSection
EndGlobal
